
Microsoft Visual Studio Solution File, Format Version 12.00
# Visual Studio Version 17
VisualStudioVersion = 17.7.34221.43
MinimumVisualStudioVersion = 10.0.40219.1
Project("{FAE04EC0-301F-11D3-BF4B-00C04F79EFBC}") = "GUI", "GUI\GUI.csproj", "{AA3CABD3-0C8A-4270-B35D-0A06D908FE65}"
EndProject
Project("{FAE04EC0-301F-11D3-BF4B-00C04F79EFBC}") = "DAO", "DAO\DAO.csproj", "{FF52A78B-188F-4740-BB69-7CE190DEC779}"
EndProject
Project("{FAE04EC0-301F-11D3-BF4B-00C04F79EFBC}") = "BUS", "BUS\BUS.csproj", "{398F9E29-6422-4F44-8482-69E28A0922C2}"
EndProject
Project("{FAE04EC0-301F-11D3-BF4B-00C04F79EFBC}") = "DTO", "DTO\DTO.csproj", "{00446729-FC5C-4CBD-BD53-9DB072C8C56D}"
EndProject
Global
	GlobalSection(SolutionConfigurationPlatforms) = preSolution
		Debug|Any CPU = Debug|Any CPU
		Release|Any CPU = Release|Any CPU
	EndGlobalSection
	GlobalSection(ProjectConfigurationPlatforms) = postSolution
		{AA3CABD3-0C8A-4270-B35D-0A06D908FE65}.Debug|Any CPU.ActiveCfg = Debug|Any CPU
		{AA3CABD3-0C8A-4270-B35D-0A06D908FE65}.Debug|Any CPU.Build.0 = Debug|Any CPU
		{AA3CABD3-0C8A-4270-B35D-0A06D908FE65}.Release|Any CPU.ActiveCfg = Release|Any CPU
		{AA3CABD3-0C8A-4270-B35D-0A06D908FE65}.Release|Any CPU.Build.0 = Release|Any CPU
		{FF52A78B-188F-4740-BB69-7CE190DEC779}.Debug|Any CPU.ActiveCfg = Debug|Any CPU
		{FF52A78B-188F-4740-BB69-7CE190DEC779}.Debug|Any CPU.Build.0 = Debug|Any CPU
		{FF52A78B-188F-4740-BB69-7CE190DEC779}.Release|Any CPU.ActiveCfg = Release|Any CPU
		{FF52A78B-188F-4740-BB69-7CE190DEC779}.Release|Any CPU.Build.0 = Release|Any CPU
		{398F9E29-6422-4F44-8482-69E28A0922C2}.Debug|Any CPU.ActiveCfg = Debug|Any CPU
		{398F9E29-6422-4F44-8482-69E28A0922C2}.Debug|Any CPU.Build.0 = Debug|Any CPU
		{398F9E29-6422-4F44-8482-69E28A0922C2}.Release|Any CPU.ActiveCfg = Release|Any CPU
		{398F9E29-6422-4F44-8482-69E28A0922C2}.Release|Any CPU.Build.0 = Release|Any CPU
		{00446729-FC5C-4CBD-BD53-9DB072C8C56D}.Debug|Any CPU.ActiveCfg = Debug|Any CPU
		{00446729-FC5C-4CBD-BD53-9DB072C8C56D}.Debug|Any CPU.Build.0 = Debug|Any CPU
		{00446729-FC5C-4CBD-BD53-9DB072C8C56D}.Release|Any CPU.ActiveCfg = Release|Any CPU
		{00446729-FC5C-4CBD-BD53-9DB072C8C56D}.Release|Any CPU.Build.0 = Release|Any CPU
	EndGlobalSection
	GlobalSection(SolutionProperties) = preSolution
		HideSolutionNode = FALSE
	EndGlobalSection
	GlobalSection(ExtensibilityGlobals) = postSolution
		SolutionGuid = {25F9944E-B7C7-461C-9CBE-9E145B2EC285}
	EndGlobalSection
EndGlobal
